{
  "name": "mcrn-ai-helper",
  "lockfileVersion": 3,
  "requires": true,
  "packages": {
    "": {
      "name": "mcrn-ai-helper",
      "dependencies": {
        "@github/copilot-sdk": "0.1.25"
      },
      "engines": {
        "node": ">=18"
      }
    },
    "node_modules/@github/copilot": {
      "version": "0.0.411",
      "resolved": "https://registry.npmjs.org/@github/copilot/-/copilot-0.0.411.tgz",
      "integrity": "sha512-I3/7gw40Iu1O+kTyNPKJHNqDRyOebjsUW6wJsvSVrOpT0TNa3/lfm8xdS2XUuJWkp+PgEG/PRwF7u3DVNdP7bQ==",
      "license": "SEE LICENSE IN LICENSE.md",
      "bin": {
        "copilot": "npm-loader.js"
      },
      "optionalDependencies": {
        "@github/copilot-darwin-arm64": "0.0.411",
        "@github/copilot-darwin-x64": "0.0.411",
        "@github/copilot-linux-arm64": "0.0.411",
        "@github/copilot-linux-x64": "0.0.411",
        "@github/copilot-win32-arm64": "0.0.411",
        "@github/copilot-win32-x64": "0.0.411"
      }
    },
    "node_modules/@github/copilot-darwin-arm64": {
      "version": "0.0.411",
      "resolved": "https://registry.npmjs.org/@github/copilot-darwin-arm64/-/copilot-darwin-arm64-0.0.411.tgz",
      "integrity": "sha512-dtr+iHxTS4f8HlV2JT9Fp0FFoxuiPWCnU3XGmrHK+rY6bX5okPC2daU5idvs77WKUGcH8yHTZtfbKYUiMxKosw==",
      "cpu": [
        "arm64"
      ],
      "license": "SEE LICENSE IN LICENSE.md",
      "optional": true,
      "os": [
        "darwin"
      ],
      "bin": {
        "copilot-darwin-arm64": "copilot"
      }
    },
    "node_modules/@github/copilot-darwin-x64": {
      "version": "0.0.411",
      "resolved": "https://registry.npmjs.org/@github/copilot-darwin-x64/-/copilot-darwin-x64-0.0.411.tgz",
      "integrity": "sha512-zhdbQCbPi1L4iHClackSLx8POfklA+NX9RQLuS48HlKi/0KI/JlaDA/bdbIeMR79wjif5t9gnc/m+RTVmHlRtA==",
      "cpu": [
        "x64"
      ],
      "license": "SEE LICENSE IN LICENSE.md",
      "optional": true,
      "os": [
        "darwin"
      ],
      "bin": {
        "copilot-darwin-x64": "copilot"
      }
    },
    "node_modules/@github/copilot-linux-arm64": {
      "version": "0.0.411",
      "resolved": "https://registry.npmjs.org/@github/copilot-linux-arm64/-/copilot-linux-arm64-0.0.411.tgz",
      "integrity": "sha512-oZYZ7oX/7O+jzdTUcHkfD1A8YnNRW6mlUgdPjUg+5rXC43bwIdyatAnc0ObY21m9h8ghxGqholoLhm5WnGv1LQ==",
      "cpu": [
        "arm64"
      ],
      "license": "SEE LICENSE IN LICENSE.md",
      "optional": true,
      "os": [
        "linux"
      ],
      "bin": {
        "copilot-linux-arm64": "copilot"
      }
    },
    "node_modules/@github/copilot-linux-x64": {
      "version": "0.0.411",
      "resolved": "https://registry.npmjs.org/@github/copilot-linux-x64/-/copilot-linux-x64-0.0.411.tgz",
      "integrity": "sha512-nnXrKANmmGnkwa3ROlKdAhVNOx8daeMSE8Xh0o3ybKckFv4s38blhKdcxs0RJQRxgAk4p7XXGlDDKNRhurqF1g==",
      "cpu": [
        "x64"
      ],
      "license": "SEE LICENSE IN LICENSE.md",
      "optional": true,
      "os": [
        "linux"
      ],
      "bin": {
        "copilot-linux-x64": "copilot"
      }
    },
    "node_modules/@github/copilot-sdk": {
      "version": "0.1.25",
      "resolved": "https://registry.npmjs.org/@github/copilot-sdk/-/copilot-sdk-0.1.25.tgz",
      "integrity": "sha512-hIgYLPXzWw9bNgrsD5BLKmgVH20ow5Or5UyVXfVe3YgeiaTgFxC4jWSAVHLGB6ufHZUrvbjppcq2dWK63FmDRA==",
      "license": "MIT",
      "dependencies": {
        "@github/copilot": "^0.0.411",
        "vscode-jsonrpc": "^8.2.1",
        "zod": "^4.3.6"
      },
      "engines": {
        "node": ">=20.0.0"
      }
    },
    "node_modules/@github/copilot-win32-arm64": {
      "version": "0.0.411",
      "resolved": "https://registry.npmjs.org/@github/copilot-win32-arm64/-/copilot-win32-arm64-0.0.411.tgz",
      "integrity": "sha512-h+Bovb2YVCQSeELZOO7zxv8uht45XHcvAkFbRsc1gf9dl109sSUJIcB4KAhs8Aznk28qksxz7kvdSgUWyQBlIA==",
      "cpu": [
        "arm64"
      ],
      "license": "SEE LICENSE IN LICENSE.md",
      "optional": true,
      "os": [
        "win32"
      ],
      "bin": {
        "copilot-win32-arm64": "copilot.exe"
      }
    },
    "node_modules/@github/copilot-win32-x64": {
      "version": "0.0.411",
      "resolved": "https://registry.npmjs.org/@github/copilot-win32-x64/-/copilot-win32-x64-0.0.411.tgz",
      "integrity": "sha512-xmOgi1lGvUBHQJWmq5AK1EP95+Y8xR4TFoK9OCSOaGbQ+LFcX2jF7iavnMolfWwddabew/AMQjsEHlXvbgMG8Q==",
      "cpu": [
        "x64"
      ],
      "license": "SEE LICENSE IN LICENSE.md",
      "optional": true,
      "os": [
        "win32"
      ],
      "bin": {
        "copilot-win32-x64": "copilot.exe"
      }
    },
    "node_modules/vscode-jsonrpc": {
      "version": "8.2.1",
      "resolved": "https://registry.npmjs.org/vscode-jsonrpc/-/vscode-jsonrpc-8.2.1.tgz",
      "integrity": "sha512-kdjOSJ2lLIn7r1rtrMbbNCHjyMPfRnowdKjBQ+mGq6NAW5QY2bEZC/khaC5OR8svbbjvLEaIXkOq45e2X9BIbQ==",
      "license": "MIT",
      "engines": {
        "node": ">=14.0.0"
      }
    },
    "node_modules/zod": {
      "version": "4.3.6",
      "resolved": "https://registry.npmjs.org/zod/-/zod-4.3.6.tgz",
      "integrity": "sha512-rftlrkhHZOcjDwkGlnUtZZkvaPHCsDATp4pGpuOOMDaTdDDXF91wuVDJoWoPsKX/3YPQ5fHuF3STjcYyKr+Qhg==",
      "license": "MIT",
      "funding": {
        "url": "https://github.com/sponsors/colinhacks"
      }
    }
  }
}
