{
  "name": "mcrn-ai-helper",
  "lockfileVersion": 3,
  "requires": true,
  "packages": {
    "": {
      "name": "mcrn-ai-helper",
      "dependencies": {
        "@github/copilot-sdk": "^0.1.32"
      },
      "engines": {
        "node": ">=20"
      }
    },
    "node_modules/@github/copilot": {
      "version": "1.0.3",
      "resolved": "https://registry.npmjs.org/@github/copilot/-/copilot-1.0.3.tgz",
      "integrity": "sha512-5J68wbShQq8biIgHD3ixlEg9hdj4kE72L2U7VwNXnhQ6tJNJtnXPHIyNbcc4L5ncu3k7IRmHMquJ76OApwvHxA==",
      "license": "SEE LICENSE IN LICENSE.md",
      "bin": {
        "copilot": "npm-loader.js"
      },
      "optionalDependencies": {
        "@github/copilot-darwin-arm64": "1.0.3",
        "@github/copilot-darwin-x64": "1.0.3",
        "@github/copilot-linux-arm64": "1.0.3",
        "@github/copilot-linux-x64": "1.0.3",
        "@github/copilot-win32-arm64": "1.0.3",
        "@github/copilot-win32-x64": "1.0.3"
      }
    },
    "node_modules/@github/copilot-darwin-arm64": {
      "version": "1.0.3",
      "resolved": "https://registry.npmjs.org/@github/copilot-darwin-arm64/-/copilot-darwin-arm64-1.0.3.tgz",
      "integrity": "sha512-gWeMjR6yP+F1SIY4RNm54C35ryYEyOg8ejOyM3lO3I9Xbq9IzBFCdOxhXSSeNPz6x1VF3vOIh/sxLPIOL1Y/Gg==",
      "cpu": [
        "arm64"
      ],
      "license": "SEE LICENSE IN LICENSE.md",
      "optional": true,
      "os": [
        "darwin"
      ],
      "bin": {
        "copilot-darwin-arm64": "copilot"
      }
    },
    "node_modules/@github/copilot-darwin-x64": {
      "version": "1.0.3",
      "resolved": "https://registry.npmjs.org/@github/copilot-darwin-x64/-/copilot-darwin-x64-1.0.3.tgz",
      "integrity": "sha512-kPvMctqiPW6Jq8yxxgbGzYvgtOj9U7Hk8MJknt+9nhrf/duvUobWuYJ6/FivMowGisYYtDbGjknM351vOUC7qA==",
      "cpu": [
        "x64"
      ],
      "license": "SEE LICENSE IN LICENSE.md",
      "optional": true,
      "os": [
        "darwin"
      ],
      "bin": {
        "copilot-darwin-x64": "copilot"
      }
    },
    "node_modules/@github/copilot-linux-arm64": {
      "version": "1.0.3",
      "resolved": "https://registry.npmjs.org/@github/copilot-linux-arm64/-/copilot-linux-arm64-1.0.3.tgz",
      "integrity": "sha512-AVveXRt3QKXSCYIbHTQABLRw4MbmJeRxZgHrR2h3qHMmpUkXf5dM+9Ott12LPENILU962w3kB/j1Q+QqJUhAUw==",
      "cpu": [
        "arm64"
      ],
      "license": "SEE LICENSE IN LICENSE.md",
      "optional": true,
      "os": [
        "linux"
      ],
      "bin": {
        "copilot-linux-arm64": "copilot"
      }
    },
    "node_modules/@github/copilot-linux-x64": {
      "version": "1.0.3",
      "resolved": "https://registry.npmjs.org/@github/copilot-linux-x64/-/copilot-linux-x64-1.0.3.tgz",
      "integrity": "sha512-adCgNMBeeMqs3C0jumjv/ewIvBo37b3QGFSm21pBpvZIA9Td9gZXVF4+1uBMeUrOLy/8okNGuO7ao9r8jhrR5g==",
      "cpu": [
        "x64"
      ],
      "license": "SEE LICENSE IN LICENSE.md",
      "optional": true,
      "os": [
        "linux"
      ],
      "bin": {
        "copilot-linux-x64": "copilot"
      }
    },
    "node_modules/@github/copilot-sdk": {
      "version": "0.1.32",
      "resolved": "https://registry.npmjs.org/@github/copilot-sdk/-/copilot-sdk-0.1.32.tgz",
      "integrity": "sha512-mPWM0fw1Gqc/SW8nl45K8abrFH+92fO7y6tRtRl5imjS5hGapLf/dkX5WDrgPtlsflD0c41lFXVUri5NVJwtoA==",
      "license": "MIT",
      "dependencies": {
        "@github/copilot": "^1.0.2",
        "vscode-jsonrpc": "^8.2.1",
        "zod": "^4.3.6"
      },
      "engines": {
        "node": ">=20.0.0"
      }
    },
    "node_modules/@github/copilot-win32-arm64": {
      "version": "1.0.3",
      "resolved": "https://registry.npmjs.org/@github/copilot-win32-arm64/-/copilot-win32-arm64-1.0.3.tgz",
      "integrity": "sha512-vmHkjwzr4VZFOTE17n5GxL2qP9GPr6Z39xzdtLfGnv1uJOIk1UPKdpzBUoFNVTumtz0I0ZnRPJI1jF+MgKiafQ==",
      "cpu": [
        "arm64"
      ],
      "license": "SEE LICENSE IN LICENSE.md",
      "optional": true,
      "os": [
        "win32"
      ],
      "bin": {
        "copilot-win32-arm64": "copilot.exe"
      }
    },
    "node_modules/@github/copilot-win32-x64": {
      "version": "1.0.3",
      "resolved": "https://registry.npmjs.org/@github/copilot-win32-x64/-/copilot-win32-x64-1.0.3.tgz",
      "integrity": "sha512-hIbzYdpXuM6PoSTS4NX8UOlbOPwCJ7bSsAe8JvJdo7lRv6Fcj4Xj/ZQmC9gDsiTZxBL2aIxQtn0WVYLFWnvMjQ==",
      "cpu": [
        "x64"
      ],
      "license": "SEE LICENSE IN LICENSE.md",
      "optional": true,
      "os": [
        "win32"
      ],
      "bin": {
        "copilot-win32-x64": "copilot.exe"
      }
    },
    "node_modules/vscode-jsonrpc": {
      "version": "8.2.1",
      "resolved": "https://registry.npmjs.org/vscode-jsonrpc/-/vscode-jsonrpc-8.2.1.tgz",
      "integrity": "sha512-kdjOSJ2lLIn7r1rtrMbbNCHjyMPfRnowdKjBQ+mGq6NAW5QY2bEZC/khaC5OR8svbbjvLEaIXkOq45e2X9BIbQ==",
      "license": "MIT",
      "engines": {
        "node": ">=14.0.0"
      }
    },
    "node_modules/zod": {
      "version": "4.3.6",
      "resolved": "https://registry.npmjs.org/zod/-/zod-4.3.6.tgz",
      "integrity": "sha512-rftlrkhHZOcjDwkGlnUtZZkvaPHCsDATp4pGpuOOMDaTdDDXF91wuVDJoWoPsKX/3YPQ5fHuF3STjcYyKr+Qhg==",
      "license": "MIT",
      "funding": {
        "url": "https://github.com/sponsors/colinhacks"
      }
    }
  }
}
